
Microsoft Visual Studio Solution File, Format Version 12.00
# Visual Studio Version 17
VisualStudioVersion = 17.0.31903.59
MinimumVisualStudioVersion = 10.0.40219.1
Project("{9A19103F-16F7-4668-BE54-9A1E7A4F7556}") = "UnipPim.Hotel.Desktop", "UnipPim.Hotel.Desktop\UnipPim.Hotel.Desktop.csproj", "{905F836A-1DEA-49C0-8D7C-3F967C9DB0FB}"
EndProject
Project("{9A19103F-16F7-4668-BE54-9A1E7A4F7556}") = "UnipPim.Hotel.Desktop.Service", "UnipPim.Hotel.Desktop.Service\UnipPim.Hotel.Desktop.Service.csproj", "{68921940-DB58-428E-837D-B83A0A6D25B4}"
EndProject
Global
	GlobalSection(SolutionConfigurationPlatforms) = preSolution
		Debug|Any CPU = Debug|Any CPU
		Release|Any CPU = Release|Any CPU
	EndGlobalSection
	GlobalSection(ProjectConfigurationPlatforms) = postSolution
		{905F836A-1DEA-49C0-8D7C-3F967C9DB0FB}.Debug|Any CPU.ActiveCfg = Debug|Any CPU
		{905F836A-1DEA-49C0-8D7C-3F967C9DB0FB}.Debug|Any CPU.Build.0 = Debug|Any CPU
		{905F836A-1DEA-49C0-8D7C-3F967C9DB0FB}.Release|Any CPU.ActiveCfg = Release|Any CPU
		{905F836A-1DEA-49C0-8D7C-3F967C9DB0FB}.Release|Any CPU.Build.0 = Release|Any CPU
		{68921940-DB58-428E-837D-B83A0A6D25B4}.Debug|Any CPU.ActiveCfg = Debug|Any CPU
		{68921940-DB58-428E-837D-B83A0A6D25B4}.Debug|Any CPU.Build.0 = Debug|Any CPU
		{68921940-DB58-428E-837D-B83A0A6D25B4}.Release|Any CPU.ActiveCfg = Release|Any CPU
		{68921940-DB58-428E-837D-B83A0A6D25B4}.Release|Any CPU.Build.0 = Release|Any CPU
	EndGlobalSection
	GlobalSection(SolutionProperties) = preSolution
		HideSolutionNode = FALSE
	EndGlobalSection
	GlobalSection(ExtensibilityGlobals) = postSolution
		SolutionGuid = {61560CDB-E262-4155-A17F-AD05E3A49611}
	EndGlobalSection
EndGlobal
