
Microsoft Visual Studio Solution File, Format Version 12.00
# Visual Studio Version 16
VisualStudioVersion = 16.0.31624.102
MinimumVisualStudioVersion = 10.0.40219.1
Project("{2150E333-8FDC-42A3-9474-1A3956D46DE8}") = "MVC", "MVC", "{C8D6E3A4-A4B5-4AF4-82CD-D2C532E64DE9}"
EndProject
Project("{2150E333-8FDC-42A3-9474-1A3956D46DE8}") = "Desktop", "Desktop", "{716E255F-475D-433D-AC16-8C43908AB0ED}"
EndProject
Project("{9A19103F-16F7-4668-BE54-9A1E7A4F7556}") = "UnipPim.Hotel", "src\Mvc\UnipPim.Hotel\UnipPim.Hotel.csproj", "{D13A76F9-0800-4754-8F76-F535E8B94D36}"
EndProject
Project("{9A19103F-16F7-4668-BE54-9A1E7A4F7556}") = "UnipPim.Hotel.Dominio", "src\Mvc\UnipPim.Hotel.Dominio\UnipPim.Hotel.Dominio.csproj", "{03BD33EA-38C1-4F69-B4D7-46BA7C6720B5}"
EndProject
Project("{9A19103F-16F7-4668-BE54-9A1E7A4F7556}") = "UnipPim.Hotel.Infra", "src\Mvc\UnipPim.Hotel.Infra\UnipPim.Hotel.Infra.csproj", "{ED249865-FCDE-446A-9C1C-6E003894E6FE}"
EndProject
Project("{9A19103F-16F7-4668-BE54-9A1E7A4F7556}") = "UnipPim.Hotel.Desktop", "src\Desktop\UnipPim.Hotel.Desktop\UnipPim.Hotel.Desktop.csproj", "{9EA78C4E-0D99-4EC8-AE82-931EE8472E34}"
EndProject
Project("{9A19103F-16F7-4668-BE54-9A1E7A4F7556}") = "UnipPim.Hotel.Desktop.Service", "src\Desktop\UnipPim.Hotel.Desktop.Service\UnipPim.Hotel.Desktop.Service.csproj", "{F2C8E697-CB8E-4E20-ABF6-EB0927499243}"
EndProject
Project("{2150E333-8FDC-42A3-9474-1A3956D46DE8}") = "Tests", "Tests", "{B7529E6C-5E47-41B2-86D8-5E6E1D032F5A}"
EndProject
Project("{FAE04EC0-301F-11D3-BF4B-00C04F79EFBC}") = "UnipPim.Hotel.Tests", "tests\UnipPim.Hotel.Tests\UnipPim.Hotel.Tests.csproj", "{F445DFB6-1635-44E6-9C17-0B33E86B0CBE}"
EndProject
Project("{2150E333-8FDC-42A3-9474-1A3956D46DE8}") = "Pagamento", "Pagamento", "{E15A8D29-A88C-4619-BDA9-FEA6C24D5249}"
EndProject
Project("{FAE04EC0-301F-11D3-BF4B-00C04F79EFBC}") = "UnipPim.Hotel.Pagamento", "src\Mvc\UnipPim.Hotel.Pagamento\UnipPim.Hotel.Pagamento.csproj", "{6ED577C8-BC10-48E0-9F9F-F72F733D15E7}"
EndProject
Global
	GlobalSection(SolutionConfigurationPlatforms) = preSolution
		Debug|Any CPU = Debug|Any CPU
		Release|Any CPU = Release|Any CPU
	EndGlobalSection
	GlobalSection(ProjectConfigurationPlatforms) = postSolution
		{D13A76F9-0800-4754-8F76-F535E8B94D36}.Debug|Any CPU.ActiveCfg = Debug|Any CPU
		{D13A76F9-0800-4754-8F76-F535E8B94D36}.Debug|Any CPU.Build.0 = Debug|Any CPU
		{D13A76F9-0800-4754-8F76-F535E8B94D36}.Release|Any CPU.ActiveCfg = Release|Any CPU
		{D13A76F9-0800-4754-8F76-F535E8B94D36}.Release|Any CPU.Build.0 = Release|Any CPU
		{03BD33EA-38C1-4F69-B4D7-46BA7C6720B5}.Debug|Any CPU.ActiveCfg = Debug|Any CPU
		{03BD33EA-38C1-4F69-B4D7-46BA7C6720B5}.Debug|Any CPU.Build.0 = Debug|Any CPU
		{03BD33EA-38C1-4F69-B4D7-46BA7C6720B5}.Release|Any CPU.ActiveCfg = Release|Any CPU
		{03BD33EA-38C1-4F69-B4D7-46BA7C6720B5}.Release|Any CPU.Build.0 = Release|Any CPU
		{ED249865-FCDE-446A-9C1C-6E003894E6FE}.Debug|Any CPU.ActiveCfg = Debug|Any CPU
		{ED249865-FCDE-446A-9C1C-6E003894E6FE}.Debug|Any CPU.Build.0 = Debug|Any CPU
		{ED249865-FCDE-446A-9C1C-6E003894E6FE}.Release|Any CPU.ActiveCfg = Release|Any CPU
		{ED249865-FCDE-446A-9C1C-6E003894E6FE}.Release|Any CPU.Build.0 = Release|Any CPU
		{9EA78C4E-0D99-4EC8-AE82-931EE8472E34}.Debug|Any CPU.ActiveCfg = Debug|Any CPU
		{9EA78C4E-0D99-4EC8-AE82-931EE8472E34}.Debug|Any CPU.Build.0 = Debug|Any CPU
		{9EA78C4E-0D99-4EC8-AE82-931EE8472E34}.Release|Any CPU.ActiveCfg = Release|Any CPU
		{9EA78C4E-0D99-4EC8-AE82-931EE8472E34}.Release|Any CPU.Build.0 = Release|Any CPU
		{F2C8E697-CB8E-4E20-ABF6-EB0927499243}.Debug|Any CPU.ActiveCfg = Debug|Any CPU
		{F2C8E697-CB8E-4E20-ABF6-EB0927499243}.Debug|Any CPU.Build.0 = Debug|Any CPU
		{F2C8E697-CB8E-4E20-ABF6-EB0927499243}.Release|Any CPU.ActiveCfg = Release|Any CPU
		{F2C8E697-CB8E-4E20-ABF6-EB0927499243}.Release|Any CPU.Build.0 = Release|Any CPU
		{F445DFB6-1635-44E6-9C17-0B33E86B0CBE}.Debug|Any CPU.ActiveCfg = Debug|Any CPU
		{F445DFB6-1635-44E6-9C17-0B33E86B0CBE}.Debug|Any CPU.Build.0 = Debug|Any CPU
		{F445DFB6-1635-44E6-9C17-0B33E86B0CBE}.Release|Any CPU.ActiveCfg = Release|Any CPU
		{F445DFB6-1635-44E6-9C17-0B33E86B0CBE}.Release|Any CPU.Build.0 = Release|Any CPU
		{6ED577C8-BC10-48E0-9F9F-F72F733D15E7}.Debug|Any CPU.ActiveCfg = Debug|Any CPU
		{6ED577C8-BC10-48E0-9F9F-F72F733D15E7}.Debug|Any CPU.Build.0 = Debug|Any CPU
		{6ED577C8-BC10-48E0-9F9F-F72F733D15E7}.Release|Any CPU.ActiveCfg = Release|Any CPU
		{6ED577C8-BC10-48E0-9F9F-F72F733D15E7}.Release|Any CPU.Build.0 = Release|Any CPU
	EndGlobalSection
	GlobalSection(SolutionProperties) = preSolution
		HideSolutionNode = FALSE
	EndGlobalSection
	GlobalSection(NestedProjects) = preSolution
		{D13A76F9-0800-4754-8F76-F535E8B94D36} = {C8D6E3A4-A4B5-4AF4-82CD-D2C532E64DE9}
		{03BD33EA-38C1-4F69-B4D7-46BA7C6720B5} = {C8D6E3A4-A4B5-4AF4-82CD-D2C532E64DE9}
		{ED249865-FCDE-446A-9C1C-6E003894E6FE} = {C8D6E3A4-A4B5-4AF4-82CD-D2C532E64DE9}
		{9EA78C4E-0D99-4EC8-AE82-931EE8472E34} = {716E255F-475D-433D-AC16-8C43908AB0ED}
		{F2C8E697-CB8E-4E20-ABF6-EB0927499243} = {716E255F-475D-433D-AC16-8C43908AB0ED}
		{B7529E6C-5E47-41B2-86D8-5E6E1D032F5A} = {C8D6E3A4-A4B5-4AF4-82CD-D2C532E64DE9}
		{F445DFB6-1635-44E6-9C17-0B33E86B0CBE} = {B7529E6C-5E47-41B2-86D8-5E6E1D032F5A}
		{E15A8D29-A88C-4619-BDA9-FEA6C24D5249} = {C8D6E3A4-A4B5-4AF4-82CD-D2C532E64DE9}
		{6ED577C8-BC10-48E0-9F9F-F72F733D15E7} = {E15A8D29-A88C-4619-BDA9-FEA6C24D5249}
	EndGlobalSection
	GlobalSection(ExtensibilityGlobals) = postSolution
		SolutionGuid = {05CEA8FD-2E05-4E77-B67C-AE57D16F92E3}
	EndGlobalSection
EndGlobal
